{
    "_readme": [
        "This file locks the dependencies of your project to a known state",
        "Read more about it at https://getcomposer.org/doc/01-basic-usage.md#installing-dependencies",
        "This file is @generated automatically"
    ],
    "content-hash": "f6c6928520dccd0f38ed1801a066ef7a",
    "packages": [],
    "packages-dev": [
        {
            "name": "nativephp/php-bin",
            "version": "1.1.1",
            "source": {
                "type": "git",
                "url": "https://github.com/NativePHP/php-bin.git",
                "reference": "6b5e11cd56f5214f37d4c175afb752b210545f59"
            },
            "dist": {
                "type": "zip",
                "url": "https://api.github.com/repos/NativePHP/php-bin/zipball/6b5e11cd56f5214f37d4c175afb752b210545f59",
                "reference": "6b5e11cd56f5214f37d4c175afb752b210545f59",
                "shasum": ""
            },
            "type": "library",
            "notification-url": "https://packagist.org/downloads/",
            "license": [
                "Apache-2.0",
                "GPL-3.0-or-later",
                "MIT",
                "PHP-3.01"
            ],
            "authors": [
                {
                    "name": "Marcel Pociot",
                    "email": "marcel@beyondco.de",
                    "role": "Developer"
                },
                {
                    "name": "Simon Hamp",
                    "email": "simon.hamp@me.com",
                    "role": "Developer"
                }
            ],
            "description": "PHP binaries used by the NativePHP framework",
            "homepage": "https://nativephp.com",
            "keywords": [
                "nativephp",
                "php"
            ],
            "support": {
                "source": "https://github.com/NativePHP/php-bin/tree/1.1.1"
            },
            "funding": [
                {
                    "url": "https://github.com/sponsors/simonhamp",
                    "type": "github"
                },
                {
                    "url": "https://opencollective.com/nativephp",
                    "type": "opencollective"
                }
            ],
            "time": "2025-09-02T19:18:24+00:00"
        }
    ],
    "aliases": [],
    "minimum-stability": "stable",
    "stability-flags": [],
    "prefer-stable": false,
    "prefer-lowest": false,
    "platform": [],
    "platform-dev": [],
    "plugin-api-version": "2.6.0"
}
